# This file is automatically @generated by Cargo.
# It is not intended for manual editing.
version = 3

[[package]]
name = "ids-parse"
version = "0.1.0"
dependencies = [
 "pinyin",
]

[[package]]
name = "pinyin"
version = "0.9.0"
source = "registry+https://github.com/rust-lang/crates.io-index"
checksum = "3bd12336e3afa34152e002f57df37a7056778daa59ea542b3473b87f5fb260c4"
